
Microsoft Visual Studio Solution File, Format Version 12.00
Project("{FAE04EC0-301F-11D3-BF4B-00C04F79EFBC}") = "DAL", "DAL\DAL.csproj", "{1E6EECBC-E7E1-4EBE-80D8-46C2F0025E71}"
EndProject
Project("{FAE04EC0-301F-11D3-BF4B-00C04F79EFBC}") = "Logic", "Logic\Logic.csproj", "{62C1D90D-3E27-4D96-BC7D-A802EB84CF60}"
EndProject
Project("{FAE04EC0-301F-11D3-BF4B-00C04F79EFBC}") = "Presentation", "Presentation\Presentation.csproj", "{1E0F34A1-01A9-4A3F-8F80-F022B44E18AF}"
EndProject
Project("{FAE04EC0-301F-11D3-BF4B-00C04F79EFBC}") = "Interface", "Interface\Interface.csproj", "{57C8F0F4-EB2A-4BC5-96FB-49F21FB50B6F}"
EndProject
Global
	GlobalSection(SolutionConfigurationPlatforms) = preSolution
		Debug|Any CPU = Debug|Any CPU
		Release|Any CPU = Release|Any CPU
	EndGlobalSection
	GlobalSection(ProjectConfigurationPlatforms) = postSolution
		{1E6EECBC-E7E1-4EBE-80D8-46C2F0025E71}.Debug|Any CPU.ActiveCfg = Debug|Any CPU
		{1E6EECBC-E7E1-4EBE-80D8-46C2F0025E71}.Debug|Any CPU.Build.0 = Debug|Any CPU
		{1E6EECBC-E7E1-4EBE-80D8-46C2F0025E71}.Release|Any CPU.ActiveCfg = Release|Any CPU
		{1E6EECBC-E7E1-4EBE-80D8-46C2F0025E71}.Release|Any CPU.Build.0 = Release|Any CPU
		{62C1D90D-3E27-4D96-BC7D-A802EB84CF60}.Debug|Any CPU.ActiveCfg = Debug|Any CPU
		{62C1D90D-3E27-4D96-BC7D-A802EB84CF60}.Debug|Any CPU.Build.0 = Debug|Any CPU
		{62C1D90D-3E27-4D96-BC7D-A802EB84CF60}.Release|Any CPU.ActiveCfg = Release|Any CPU
		{62C1D90D-3E27-4D96-BC7D-A802EB84CF60}.Release|Any CPU.Build.0 = Release|Any CPU
		{1E0F34A1-01A9-4A3F-8F80-F022B44E18AF}.Debug|Any CPU.ActiveCfg = Debug|Any CPU
		{1E0F34A1-01A9-4A3F-8F80-F022B44E18AF}.Debug|Any CPU.Build.0 = Debug|Any CPU
		{1E0F34A1-01A9-4A3F-8F80-F022B44E18AF}.Release|Any CPU.ActiveCfg = Release|Any CPU
		{1E0F34A1-01A9-4A3F-8F80-F022B44E18AF}.Release|Any CPU.Build.0 = Release|Any CPU
		{57C8F0F4-EB2A-4BC5-96FB-49F21FB50B6F}.Debug|Any CPU.ActiveCfg = Debug|Any CPU
		{57C8F0F4-EB2A-4BC5-96FB-49F21FB50B6F}.Debug|Any CPU.Build.0 = Debug|Any CPU
		{57C8F0F4-EB2A-4BC5-96FB-49F21FB50B6F}.Release|Any CPU.ActiveCfg = Release|Any CPU
		{57C8F0F4-EB2A-4BC5-96FB-49F21FB50B6F}.Release|Any CPU.Build.0 = Release|Any CPU
	EndGlobalSection
EndGlobal
